{
  "name": "test-1",
  "version": "1.0.0",
  "lockfileVersion": 2,
  "requires": true,
  "packages": {
    "": {
      "name": "test-1",
      "version": "1.0.0",
      "license": "ISC",
      "dependencies": {
        "@vant/weapp": "^1.11.4",
        "moment": "^2.30.1"
      }
    },
    "node_modules/@vant/weapp": {
      "version": "1.11.4",
      "resolved": "https://registry.npmjs.org/@vant/weapp/-/weapp-1.11.4.tgz",
      "integrity": "sha512-egOsWO4hVMP1SQSqQ46jy8UD3WysvlnUecRzPM21Y3ovkOFZ6wlaO7oHQmTXRpwr+V41Qri1qEbtNjhVxFqdyw=="
    },
    "node_modules/moment": {
      "version": "2.30.1",
      "resolved": "https://registry.npmjs.org/moment/-/moment-2.30.1.tgz",
      "integrity": "sha512-uEmtNhbDOrWPFS+hdjFCBfy9f2YoyzRpwcl+DqpC6taX21FzsTLQVbMV/W7PzNSX6x/bhC1zA3c2UQ5NzH6how==",
      "engines": {
        "node": "*"
      }
    }
  },
  "dependencies": {
    "@vant/weapp": {
      "version": "1.11.4",
      "resolved": "https://registry.npmjs.org/@vant/weapp/-/weapp-1.11.4.tgz",
      "integrity": "sha512-egOsWO4hVMP1SQSqQ46jy8UD3WysvlnUecRzPM21Y3ovkOFZ6wlaO7oHQmTXRpwr+V41Qri1qEbtNjhVxFqdyw=="
    },
    "moment": {
      "version": "2.30.1",
      "resolved": "https://registry.npmjs.org/moment/-/moment-2.30.1.tgz",
      "integrity": "sha512-uEmtNhbDOrWPFS+hdjFCBfy9f2YoyzRpwcl+DqpC6taX21FzsTLQVbMV/W7PzNSX6x/bhC1zA3c2UQ5NzH6how=="
    }
  }
}
